<?xml version="1.0" encoding="utf-8"?>
<Project ToolsVersion="4.0" xmlns="http://schemas.microsoft.com/developer/msbuild/2003">
  <ItemGroup>
    <Filter Include="소스 파일">
      <UniqueIdentifier>{4FC737F1-C7A5-4376-A066-2A32D752A2FF}</UniqueIdentifier>
      <Extensions>cpp;c;cc;cxx;def;odl;idl;hpj;bat;asm;asmx</Extensions>
    </Filter>
    <Filter Include="헤더 파일">
      <UniqueIdentifier>{93995380-89BD-4b04-88EB-625FBE52EBFB}</UniqueIdentifier>
      <Extensions>h;hh;hpp;hxx;hm;inl;inc;xsd</Extensions>
    </Filter>
    <Filter Include="리소스 파일">
      <UniqueIdentifier>{67DA6AB6-F800-4c08-8B7A-83BB121AAD01}</UniqueIdentifier>
      <Extensions>rc;ico;cur;bmp;dlg;rc2;rct;bin;rgs;gif;jpg;jpeg;jpe;resx;tiff;tif;png;wav;mfcribbon-ms</Extensions>
    </Filter>
    <Filter Include="소스 파일\Server">
      <UniqueIdentifier>{dfab0041-15d7-418a-b444-8cb8241aee43}</UniqueIdentifier>
    </Filter>
  </ItemGroup>
  <ItemGroup>
    <ClCompile Include="Automata.cpp">
      <Filter>소스 파일</Filter>
    </ClCompile>
    <ClCompile Include="Bullet.cpp">
      <Filter>소스 파일</Filter>
    </ClCompile>
    <ClCompile Include="BulletManager.cpp">
      <Filter>소스 파일</Filter>
    </ClCompile>
    <ClCompile Include="Button.cpp">
      <Filter>소스 파일</Filter>
    </ClCompile>
    <ClCompile Include="Camera.cpp">
      <Filter>소스 파일</Filter>
    </ClCompile>
    <ClCompile Include="ChatForm.cpp">
      <Filter>소스 파일</Filter>
    </ClCompile>
    <ClCompile Include="CodeTable.cpp">
      <Filter>소스 파일</Filter>
    </ClCompile>
    <ClCompile Include="DataManager.cpp">
      <Filter>소스 파일</Filter>
    </ClCompile>
    <ClCompile Include="DiffuseShader.cpp">
      <Filter>소스 파일</Filter>
    </ClCompile>
    <ClCompile Include="DirectX9.cpp">
      <Filter>소스 파일</Filter>
    </ClCompile>
    <ClCompile Include="DirectX9Main.cpp">
      <Filter>소스 파일</Filter>
    </ClCompile>
    <ClCompile Include="DxObject.cpp">
      <Filter>소스 파일</Filter>
    </ClCompile>
    <ClCompile Include="DxObject2D.cpp">
      <Filter>소스 파일</Filter>
    </ClCompile>
    <ClCompile Include="EffectManager.cpp">
      <Filter>소스 파일</Filter>
    </ClCompile>
    <ClCompile Include="Font.cpp">
      <Filter>소스 파일</Filter>
    </ClCompile>
    <ClCompile Include="HPForm.cpp">
      <Filter>소스 파일</Filter>
    </ClCompile>
    <ClCompile Include="Image.cpp">
      <Filter>소스 파일</Filter>
    </ClCompile>
    <ClCompile Include="ImageAnimation.cpp">
      <Filter>소스 파일</Filter>
    </ClCompile>
    <ClCompile Include="InGameScene.cpp">
      <Filter>소스 파일</Filter>
    </ClCompile>
    <ClCompile Include="InputManager.cpp">
      <Filter>소스 파일</Filter>
    </ClCompile>
    <ClCompile Include="Jet.cpp">
      <Filter>소스 파일</Filter>
    </ClCompile>
    <ClCompile Include="KeyButton.cpp">
      <Filter>소스 파일</Filter>
    </ClCompile>
    <ClCompile Include="KeyTable.cpp">
      <Filter>소스 파일</Filter>
    </ClCompile>
    <ClCompile Include="KillDeathInfo.cpp">
      <Filter>소스 파일</Filter>
    </ClCompile>
    <ClCompile Include="KillLog.cpp">
      <Filter>소스 파일</Filter>
    </ClCompile>
    <ClCompile Include="Label.cpp">
      <Filter>소스 파일</Filter>
    </ClCompile>
    <ClCompile Include="Listener.cpp">
      <Filter>소스 파일</Filter>
    </ClCompile>
    <ClCompile Include="LobbyScene.cpp">
      <Filter>소스 파일</Filter>
    </ClCompile>
    <ClCompile Include="LoginScene.cpp">
      <Filter>소스 파일</Filter>
    </ClCompile>
    <ClCompile Include="MakeRoomAlert.cpp">
      <Filter>소스 파일</Filter>
    </ClCompile>
    <ClCompile Include="Missile.cpp">
      <Filter>소스 파일</Filter>
    </ClCompile>
    <ClCompile Include="MissileManager.cpp">
      <Filter>소스 파일</Filter>
    </ClCompile>
    <ClCompile Include="Model.cpp">
      <Filter>소스 파일</Filter>
    </ClCompile>
    <ClCompile Include="MyJet.cpp">
      <Filter>소스 파일</Filter>
    </ClCompile>
    <ClCompile Include="NicknameScene.cpp">
      <Filter>소스 파일</Filter>
    </ClCompile>
    <ClCompile Include="OtherBulletManager.cpp">
      <Filter>소스 파일</Filter>
    </ClCompile>
    <ClCompile Include="Raider.cpp">
      <Filter>소스 파일</Filter>
    </ClCompile>
    <ClCompile Include="ResultInfo.cpp">
      <Filter>소스 파일</Filter>
    </ClCompile>
    <ClCompile Include="ResultScene.cpp">
      <Filter>소스 파일</Filter>
    </ClCompile>
    <ClCompile Include="RoomButton.cpp">
      <Filter>소스 파일</Filter>
    </ClCompile>
    <ClCompile Include="RoomScene.cpp">
      <Filter>소스 파일</Filter>
    </ClCompile>
    <ClCompile Include="Scene.cpp">
      <Filter>소스 파일</Filter>
    </ClCompile>
    <ClCompile Include="SceneManager.cpp">
      <Filter>소스 파일</Filter>
    </ClCompile>
    <ClCompile Include="ScoreForm.cpp">
      <Filter>소스 파일</Filter>
    </ClCompile>
    <ClCompile Include="Shader.cpp">
      <Filter>소스 파일</Filter>
    </ClCompile>
    <ClCompile Include="Skybox.cpp">
      <Filter>소스 파일</Filter>
    </ClCompile>
    <ClCompile Include="Slot.cpp">
      <Filter>소스 파일</Filter>
    </ClCompile>
    <ClCompile Include="SoundManager.cpp">
      <Filter>소스 파일</Filter>
    </ClCompile>
    <ClCompile Include="SpecularShader.cpp">
      <Filter>소스 파일</Filter>
    </ClCompile>
    <ClCompile Include="Sprite.cpp">
      <Filter>소스 파일</Filter>
    </ClCompile>
    <ClCompile Include="TestScene.cpp">
      <Filter>소스 파일</Filter>
    </ClCompile>
    <ClCompile Include="TextBox.cpp">
      <Filter>소스 파일</Filter>
    </ClCompile>
    <ClCompile Include="TextureManager.cpp">
      <Filter>소스 파일</Filter>
    </ClCompile>
    <ClCompile Include="TextureShader.cpp">
      <Filter>소스 파일</Filter>
    </ClCompile>
    <ClCompile Include="Time.cpp">
      <Filter>소스 파일</Filter>
    </ClCompile>
    <ClCompile Include="Trail.cpp">
      <Filter>소스 파일</Filter>
    </ClCompile>
    <ClCompile Include="Water.cpp">
      <Filter>소스 파일</Filter>
    </ClCompile>
    <ClCompile Include="WaterShader.cpp">
      <Filter>소스 파일</Filter>
    </ClCompile>
    <ClCompile Include="..\DirectX9\Server\ConnectedUser.cpp">
      <Filter>소스 파일\Server</Filter>
    </ClCompile>
    <ClCompile Include="..\DirectX9\Server\HostUdpIocp.cpp">
      <Filter>소스 파일\Server</Filter>
    </ClCompile>
    <ClCompile Include="..\DirectX9\Server\Lock.cpp">
      <Filter>소스 파일\Server</Filter>
    </ClCompile>
    <ClCompile Include="..\DirectX9\Server\ServerManager.cpp">
      <Filter>소스 파일\Server</Filter>
    </ClCompile>
    <ClCompile Include="..\DirectX9\Server\TCPManager.cpp">
      <Filter>소스 파일\Server</Filter>
    </ClCompile>
    <ClCompile Include="..\DirectX9\Server\TCPReader.cpp">
      <Filter>소스 파일\Server</Filter>
    </ClCompile>
    <ClCompile Include="..\DirectX9\Server\Thread.cpp">
      <Filter>소스 파일\Server</Filter>
    </ClCompile>
    <ClCompile Include="..\DirectX9\Server\UserUdpIocp.cpp">
      <Filter>소스 파일\Server</Filter>
    </ClCompile>
  </ItemGroup>
  <ItemGroup>
    <ClInclude Include="Automata.h">
      <Filter>소스 파일</Filter>
    </ClInclude>
    <ClInclude Include="Bullet.h">
      <Filter>소스 파일</Filter>
    </ClInclude>
    <ClInclude Include="BulletManager.h">
      <Filter>소스 파일</Filter>
    </ClInclude>
    <ClInclude Include="Button.h">
      <Filter>소스 파일</Filter>
    </ClInclude>
    <ClInclude Include="Camera.h">
      <Filter>소스 파일</Filter>
    </ClInclude>
    <ClInclude Include="ChatForm.h">
      <Filter>소스 파일</Filter>
    </ClInclude>
    <ClInclude Include="CodeTable.h">
      <Filter>소스 파일</Filter>
    </ClInclude>
    <ClInclude Include="Console.h">
      <Filter>소스 파일</Filter>
    </ClInclude>
    <ClInclude Include="DataManager.h">
      <Filter>소스 파일</Filter>
    </ClInclude>
    <ClInclude Include="Def.h">
      <Filter>소스 파일</Filter>
    </ClInclude>
    <ClInclude Include="DiffuseShader.h">
      <Filter>소스 파일</Filter>
    </ClInclude>
    <ClInclude Include="DirectX9.h">
      <Filter>소스 파일</Filter>
    </ClInclude>
    <ClInclude Include="DxObject.h">
      <Filter>소스 파일</Filter>
    </ClInclude>
    <ClInclude Include="DxObject2D.h">
      <Filter>소스 파일</Filter>
    </ClInclude>
    <ClInclude Include="EffectManager.h">
      <Filter>소스 파일</Filter>
    </ClInclude>
    <ClInclude Include="Font.h">
      <Filter>소스 파일</Filter>
    </ClInclude>
    <ClInclude Include="HPForm.h">
      <Filter>소스 파일</Filter>
    </ClInclude>
    <ClInclude Include="Image.h">
      <Filter>소스 파일</Filter>
    </ClInclude>
    <ClInclude Include="ImageAnimation.h">
      <Filter>소스 파일</Filter>
    </ClInclude>
    <ClInclude Include="InGameScene.h">
      <Filter>소스 파일</Filter>
    </ClInclude>
    <ClInclude Include="InputManager.h">
      <Filter>소스 파일</Filter>
    </ClInclude>
    <ClInclude Include="Jet.h">
      <Filter>소스 파일</Filter>
    </ClInclude>
    <ClInclude Include="KeyButton.h">
      <Filter>소스 파일</Filter>
    </ClInclude>
    <ClInclude Include="KeyTable.h">
      <Filter>소스 파일</Filter>
    </ClInclude>
    <ClInclude Include="KillDeathInfo.h">
      <Filter>소스 파일</Filter>
    </ClInclude>
    <ClInclude Include="KillLog.h">
      <Filter>소스 파일</Filter>
    </ClInclude>
    <ClInclude Include="Label.h">
      <Filter>소스 파일</Filter>
    </ClInclude>
    <ClInclude Include="Listener.h">
      <Filter>소스 파일</Filter>
    </ClInclude>
    <ClInclude Include="LobbyScene.h">
      <Filter>소스 파일</Filter>
    </ClInclude>
    <ClInclude Include="LoginScene.h">
      <Filter>소스 파일</Filter>
    </ClInclude>
    <ClInclude Include="MakeRoomAlert.h">
      <Filter>소스 파일</Filter>
    </ClInclude>
    <ClInclude Include="Missile.h">
      <Filter>소스 파일</Filter>
    </ClInclude>
    <ClInclude Include="MissileManager.h">
      <Filter>소스 파일</Filter>
    </ClInclude>
    <ClInclude Include="Model.h">
      <Filter>소스 파일</Filter>
    </ClInclude>
    <ClInclude Include="MyJet.h">
      <Filter>소스 파일</Filter>
    </ClInclude>
    <ClInclude Include="NicknameScene.h">
      <Filter>소스 파일</Filter>
    </ClInclude>
    <ClInclude Include="OtherBulletManager.h">
      <Filter>소스 파일</Filter>
    </ClInclude>
    <ClInclude Include="Raider.h">
      <Filter>소스 파일</Filter>
    </ClInclude>
    <ClInclude Include="ResultInfo.h">
      <Filter>소스 파일</Filter>
    </ClInclude>
    <ClInclude Include="ResultScene.h">
      <Filter>소스 파일</Filter>
    </ClInclude>
    <ClInclude Include="RoomButton.h">
      <Filter>소스 파일</Filter>
    </ClInclude>
    <ClInclude Include="RoomScene.h">
      <Filter>소스 파일</Filter>
    </ClInclude>
    <ClInclude Include="Scene.h">
      <Filter>소스 파일</Filter>
    </ClInclude>
    <ClInclude Include="SceneManager.h">
      <Filter>소스 파일</Filter>
    </ClInclude>
    <ClInclude Include="ScoreForm.h">
      <Filter>소스 파일</Filter>
    </ClInclude>
    <ClInclude Include="Shader.h">
      <Filter>소스 파일</Filter>
    </ClInclude>
    <ClInclude Include="Skybox.h">
      <Filter>소스 파일</Filter>
    </ClInclude>
    <ClInclude Include="Slot.h">
      <Filter>소스 파일</Filter>
    </ClInclude>
    <ClInclude Include="SoundManager.h">
      <Filter>소스 파일</Filter>
    </ClInclude>
    <ClInclude Include="SpecularShader.h">
      <Filter>소스 파일</Filter>
    </ClInclude>
    <ClInclude Include="Sprite.h">
      <Filter>소스 파일</Filter>
    </ClInclude>
    <ClInclude Include="TestScene.h">
      <Filter>소스 파일</Filter>
    </ClInclude>
    <ClInclude Include="TextBox.h">
      <Filter>소스 파일</Filter>
    </ClInclude>
    <ClInclude Include="TextureManager.h">
      <Filter>소스 파일</Filter>
    </ClInclude>
    <ClInclude Include="TextureShader.h">
      <Filter>소스 파일</Filter>
    </ClInclude>
    <ClInclude Include="Time.h">
      <Filter>소스 파일</Filter>
    </ClInclude>
    <ClInclude Include="Trail.h">
      <Filter>소스 파일</Filter>
    </ClInclude>
    <ClInclude Include="Water.h">
      <Filter>소스 파일</Filter>
    </ClInclude>
    <ClInclude Include="WaterShader.h">
      <Filter>소스 파일</Filter>
    </ClInclude>
    <ClInclude Include="..\DirectX9\Server\ConnectedUser.h">
      <Filter>소스 파일\Server</Filter>
    </ClInclude>
    <ClInclude Include="..\DirectX9\Server\HostUdpIocp.h">
      <Filter>소스 파일\Server</Filter>
    </ClInclude>
    <ClInclude Include="..\DirectX9\Server\Lock.h">
      <Filter>소스 파일\Server</Filter>
    </ClInclude>
    <ClInclude Include="..\DirectX9\Server\ServerManager.h">
      <Filter>소스 파일\Server</Filter>
    </ClInclude>
    <ClInclude Include="..\DirectX9\Server\Singleton.h">
      <Filter>소스 파일\Server</Filter>
    </ClInclude>
    <ClInclude Include="..\DirectX9\Server\TCP_ReadPacket.h">
      <Filter>소스 파일\Server</Filter>
    </ClInclude>
    <ClInclude Include="..\DirectX9\Server\TCP_Structure.h">
      <Filter>소스 파일\Server</Filter>
    </ClInclude>
    <ClInclude Include="..\DirectX9\Server\TCP_WritePacket.h">
      <Filter>소스 파일\Server</Filter>
    </ClInclude>
    <ClInclude Include="..\DirectX9\Server\TCPManager.h">
      <Filter>소스 파일\Server</Filter>
    </ClInclude>
    <ClInclude Include="..\DirectX9\Server\TcpProtocol.h">
      <Filter>소스 파일\Server</Filter>
    </ClInclude>
    <ClInclude Include="..\DirectX9\Server\TCPReader.h">
      <Filter>소스 파일\Server</Filter>
    </ClInclude>
    <ClInclude Include="..\DirectX9\Server\Thread.h">
      <Filter>소스 파일\Server</Filter>
    </ClInclude>
    <ClInclude Include="..\DirectX9\Server\Type.h">
      <Filter>소스 파일\Server</Filter>
    </ClInclude>
    <ClInclude Include="..\DirectX9\Server\UDP_ReadPacket.h">
      <Filter>소스 파일\Server</Filter>
    </ClInclude>
    <ClInclude Include="..\DirectX9\Server\UDP_Structure.h">
      <Filter>소스 파일\Server</Filter>
    </ClInclude>
    <ClInclude Include="..\DirectX9\Server\UDP_WritePacket.h">
      <Filter>소스 파일\Server</Filter>
    </ClInclude>
    <ClInclude Include="..\DirectX9\Server\UdpProtocol.h">
      <Filter>소스 파일\Server</Filter>
    </ClInclude>
    <ClInclude Include="..\DirectX9\Server\UserSession.h">
      <Filter>소스 파일\Server</Filter>
    </ClInclude>
    <ClInclude Include="..\DirectX9\Server\UserUdpIocp.h">
      <Filter>소스 파일\Server</Filter>
    </ClInclude>
    <ClInclude Include="..\DirectX9\Server\Util.h">
      <Filter>소스 파일\Server</Filter>
    </ClInclude>
  </ItemGroup>
</Project>